
Microsoft Visual Studio Solution File, Format Version 12.00
# Visual Studio Version 16
VisualStudioVersion = 16.0.29503.13
MinimumVisualStudioVersion = 10.0.40219.1
Project("{FAE04EC0-301F-11D3-BF4B-00C04F79EFBC}") = "PowerCableNotifier", "PowerCableNotifier.csproj", "{8B46B986-E7B2-4B93-9B0F-3DCF01B89D84}"
EndProject
Global
	GlobalSection(SolutionConfigurationPlatforms) = preSolution
		Debug|Any CPU = Debug|Any CPU
		Release|Any CPU = Release|Any CPU
	EndGlobalSection
	GlobalSection(ProjectConfigurationPlatforms) = postSolution
		{8B46B986-E7B2-4B93-9B0F-3DCF01B89D84}.Debug|Any CPU.ActiveCfg = Debug|Any CPU
		{8B46B986-E7B2-4B93-9B0F-3DCF01B89D84}.Debug|Any CPU.Build.0 = Debug|Any CPU
		{8B46B986-E7B2-4B93-9B0F-3DCF01B89D84}.Release|Any CPU.ActiveCfg = Release|Any CPU
		{8B46B986-E7B2-4B93-9B0F-3DCF01B89D84}.Release|Any CPU.Build.0 = Release|Any CPU
	EndGlobalSection
	GlobalSection(SolutionProperties) = preSolution
		HideSolutionNode = FALSE
	EndGlobalSection
	GlobalSection(ExtensibilityGlobals) = postSolution
		SolutionGuid = {0383BAB4-14E4-48B3-807E-A571F8229E00}
	EndGlobalSection
EndGlobal
